
Microsoft Visual Studio Solution File, Format Version 12.00
# Visual Studio 14
VisualStudioVersion = 14.0.24720.0
MinimumVisualStudioVersion = 10.0.40219.1
Project("{FAE04EC0-301F-11D3-BF4B-00C04F79EFBC}") = "Zed.NHibernate.Web", "Zed.NHibernate.Web\Zed.NHibernate.Web.csproj", "{6EEC2D68-037D-4EC8-A586-21797E1769BF}"
EndProject
Project("{FAE04EC0-301F-11D3-BF4B-00C04F79EFBC}") = "Zed.NHibernate.Web.Tests", "Zed.NHibernate.Web.Tests\Zed.NHibernate.Web.Tests.csproj", "{147A4E94-B3B0-454E-81CD-EF1E567492CB}"
EndProject
Global
	GlobalSection(SolutionConfigurationPlatforms) = preSolution
		Debug|Any CPU = Debug|Any CPU
		Release|Any CPU = Release|Any CPU
	EndGlobalSection
	GlobalSection(ProjectConfigurationPlatforms) = postSolution
		{6EEC2D68-037D-4EC8-A586-21797E1769BF}.Debug|Any CPU.ActiveCfg = Debug|Any CPU
		{6EEC2D68-037D-4EC8-A586-21797E1769BF}.Debug|Any CPU.Build.0 = Debug|Any CPU
		{6EEC2D68-037D-4EC8-A586-21797E1769BF}.Release|Any CPU.ActiveCfg = Release|Any CPU
		{6EEC2D68-037D-4EC8-A586-21797E1769BF}.Release|Any CPU.Build.0 = Release|Any CPU
		{147A4E94-B3B0-454E-81CD-EF1E567492CB}.Debug|Any CPU.ActiveCfg = Debug|Any CPU
		{147A4E94-B3B0-454E-81CD-EF1E567492CB}.Debug|Any CPU.Build.0 = Debug|Any CPU
		{147A4E94-B3B0-454E-81CD-EF1E567492CB}.Release|Any CPU.ActiveCfg = Release|Any CPU
		{147A4E94-B3B0-454E-81CD-EF1E567492CB}.Release|Any CPU.Build.0 = Release|Any CPU
	EndGlobalSection
	GlobalSection(SolutionProperties) = preSolution
		HideSolutionNode = FALSE
	EndGlobalSection
EndGlobal
